
Microsoft Visual Studio Solution File, Format Version 12.00
# Visual Studio 14
VisualStudioVersion = 14.0.25420.1
MinimumVisualStudioVersion = 10.0.40219.1
Project("{159641D6-6404-4A2A-AE62-294DE0FE8301}") = "VaultDataImport", "VaultDataImport.dtproj", "{75798B1C-2C8D-497D-A9F4-EA8A5DFDC664}"
EndProject
Global
	GlobalSection(SolutionConfigurationPlatforms) = preSolution
		Development|Default = Development|Default
	EndGlobalSection
	GlobalSection(ProjectConfigurationPlatforms) = postSolution
		{75798B1C-2C8D-497D-A9F4-EA8A5DFDC664}.Development|Default.ActiveCfg = Development
		{75798B1C-2C8D-497D-A9F4-EA8A5DFDC664}.Development|Default.Build.0 = Development
	EndGlobalSection
	GlobalSection(SolutionProperties) = preSolution
		HideSolutionNode = FALSE
	EndGlobalSection
EndGlobal
